
Microsoft Visual Studio Solution File, Format Version 12.00
# Visual Studio Version 16
VisualStudioVersion = 16.0.31205.134
MinimumVisualStudioVersion = 10.0.40219.1
Project("{9A19103F-16F7-4668-BE54-9A1E7A4F7556}") = "AzureBlobStorageDemo-CompletedApp", "AzureBlobStorageDemo-CompletedApp.csproj", "{AE106E27-D8CB-4FBC-8853-E0D70AEBD27B}"
EndProject
Global
	GlobalSection(SolutionConfigurationPlatforms) = preSolution
		Debug|Any CPU = Debug|Any CPU
		Release|Any CPU = Release|Any CPU
	EndGlobalSection
	GlobalSection(ProjectConfigurationPlatforms) = postSolution
		{AE106E27-D8CB-4FBC-8853-E0D70AEBD27B}.Debug|Any CPU.ActiveCfg = Debug|Any CPU
		{AE106E27-D8CB-4FBC-8853-E0D70AEBD27B}.Debug|Any CPU.Build.0 = Debug|Any CPU
		{AE106E27-D8CB-4FBC-8853-E0D70AEBD27B}.Release|Any CPU.ActiveCfg = Release|Any CPU
		{AE106E27-D8CB-4FBC-8853-E0D70AEBD27B}.Release|Any CPU.Build.0 = Release|Any CPU
	EndGlobalSection
	GlobalSection(SolutionProperties) = preSolution
		HideSolutionNode = FALSE
	EndGlobalSection
	GlobalSection(ExtensibilityGlobals) = postSolution
		SolutionGuid = {694F61E0-14BF-4EE4-9861-8A9468EA5D20}
	EndGlobalSection
EndGlobal
